
Microsoft Visual Studio Solution File, Format Version 12.00
# Visual Studio Version 17
VisualStudioVersion = 17.6.33815.320
MinimumVisualStudioVersion = 10.0.40219.1
Project("{FAE04EC0-301F-11D3-BF4B-00C04F79EFBC}") = "lab6.1", "lab6.1.csproj", "{189FB053-6A76-45A2-8419-FB576C53315A}"
EndProject
Global
	GlobalSection(SolutionConfigurationPlatforms) = preSolution
		Debug|Any CPU = Debug|Any CPU
		Release|Any CPU = Release|Any CPU
	EndGlobalSection
	GlobalSection(ProjectConfigurationPlatforms) = postSolution
		{189FB053-6A76-45A2-8419-FB576C53315A}.Debug|Any CPU.ActiveCfg = Debug|Any CPU
		{189FB053-6A76-45A2-8419-FB576C53315A}.Debug|Any CPU.Build.0 = Debug|Any CPU
		{189FB053-6A76-45A2-8419-FB576C53315A}.Release|Any CPU.ActiveCfg = Release|Any CPU
		{189FB053-6A76-45A2-8419-FB576C53315A}.Release|Any CPU.Build.0 = Release|Any CPU
	EndGlobalSection
	GlobalSection(SolutionProperties) = preSolution
		HideSolutionNode = FALSE
	EndGlobalSection
	GlobalSection(ExtensibilityGlobals) = postSolution
		SolutionGuid = {A5DCA87C-5E37-4EB5-9338-A2EC1904C237}
	EndGlobalSection
EndGlobal
